// !$*UTF8*$!
{
	archiveVersion = 1;
	classes = {
	};
	objectVersion = 50;
	objects = {

/* Begin PBXBuildFile section */
		6B7632B925A8E7EB00D8CC01 /* KetoMealPrepApp.swift in Sources */ = {isa = PBXBuildFile; fileRef = 6B7632B825A8E7EB00D8CC01 /* KetoMealPrepApp.swift */; };
		6B7632BB25A8E7EB00D8CC01 /* ContentView.swift in Sources */ = {isa = PBXBuildFile; fileRef = 6B7632BA25A8E7EB00D8CC01 /* ContentView.swift */; };
		6B7632BD25A8E7EC00D8CC01 /* Assets.xcassets in Resources */ = {isa = PBXBuildFile; fileRef = 6B7632BC25A8E7EC00D8CC01 /* Assets.xcassets */; };
		6B7632C025A8E7EC00D8CC01 /* Preview Assets.xcassets in Resources */ = {isa = PBXBuildFile; fileRef = 6B7632BF25A8E7EC00D8CC01 /* Preview Assets.xcassets */; };
		6B7632CB25A8E7EC00D8CC01 /* KetoMealPrepTests.swift in Sources */ = {isa = PBXBuildFile; fileRef = 6B7632CA25A8E7EC00D8CC01 /* KetoMealPrepTests.swift */; };
		6B7632D625A8E7EC00D8CC01 /* KetoMealPrepUITests.swift in Sources */ = {isa = PBXBuildFile; fileRef = 6B7632D525A8E7EC00D8CC01 /* KetoMealPrepUITests.swift */; };
/* End PBXBuildFile section */

/* Begin PBXContainerItemProxy section */
		6B7632C725A8E7EC00D8CC01 /* PBXContainerItemProxy */ = {
			isa = PBXContainerItemProxy;
			containerPortal = 6B7632AD25A8E7EB00D8CC01 /* Project object */;
			proxyType = 1;
			remoteGlobalIDString = 6B7632B425A8E7EB00D8CC01;
			remoteInfo = KetoMealPrep;
		};
		6B7632D225A8E7EC00D8CC01 /* PBXContainerItemProxy */ = {
			isa = PBXContainerItemProxy;
			containerPortal = 6B7632AD25A8E7EB00D8CC01 /* Project object */;
			proxyType = 1;
			remoteGlobalIDString = 6B7632B425A8E7EB00D8CC01;
			remoteInfo = KetoMealPrep;
		};
/* End PBXContainerItemProxy section */

/* Begin PBXFileReference section */
		6B7632B525A8E7EB00D8CC01 /* KetoMealPrep.app */ = {isa = PBXFileReference; explicitFileType = wrapper.application; includeInIndex = 0; path = KetoMealPrep.app; sourceTree = BUILT_PRODUCTS_DIR; };
		6B7632B825A8E7EB00D8CC01 /* KetoMealPrepApp.swift */ = {isa = PBXFileReference; lastKnownFileType = sourcecode.swift; path = KetoMealPrepApp.swift; sourceTree = "<group>"; };
		6B7632BA25A8E7EB00D8CC01 /* ContentView.swift */ = {isa = PBXFileReference; lastKnownFileType = sourcecode.swift; path = ContentView.swift; sourceTree = "<group>"; };
		6B7632BC25A8E7EC00D8CC01 /* Assets.xcassets */ = {isa = PBXFileReference; lastKnownFileType = folder.assetcatalog; path = Assets.xcassets; sourceTree = "<group>"; };
		6B7632BF25A8E7EC00D8CC01 /* Preview Assets.xcassets */ = {isa = PBXFileReference; lastKnownFileType = folder.assetcatalog; path = "Preview Assets.xcassets"; sourceTree = "<group>"; };
		6B7632C125A8E7EC00D8CC01 /* Info.plist */ = {isa = PBXFileReference; lastKnownFileType = text.plist.xml; path = Info.plist; sourceTree = "<group>"; };
		6B7632C625A8E7EC00D8CC01 /* KetoMealPrepTests.xctest */ = {isa = PBXFileReference; explicitFileType = wrapper.cfbundle; includeInIndex = 0; path = KetoMealPrepTests.xctest; sourceTree = BUILT_PRODUCTS_DIR; };
		6B7632CA25A8E7EC00D8CC01 /* KetoMealPrepTests.swift */ = {isa = PBXFileReference; lastKnownFileType = sourcecode.swift; path = KetoMealPrepTests.swift; sourceTree = "<group>"; };
		6B7632CC25A8E7EC00D8CC01 /* Info.plist */ = {isa = PBXFileReference; lastKnownFileType = text.plist.xml; path = Info.plist; sourceTree = "<group>"; };
		6B7632D125A8E7EC00D8CC01 /* KetoMealPrepUITests.xctest */ = {isa = PBXFileReference; explicitFileType = wrapper.cfbundle; includeInIndex = 0; path = KetoMealPrepUITests.xctest; sourceTree = BUILT_PRODUCTS_DIR; };
		6B7632D525A8E7EC00D8CC01 /* KetoMealPrepUITests.swift */ = {isa = PBXFileReference; lastKnownFileType = sourcecode.swift; path = KetoMealPrepUITests.swift; sourceTree = "<group>"; };
		6B7632D725A8E7ED00D8CC01 /* Info.plist */ = {isa = PBXFileReference; lastKnownFileType = text.plist.xml; path = Info.plist; sourceTree = "<group>"; };
/* End PBXFileReference section */

/* Begin PBXFrameworksBuildPhase section */
		6B7632B225A8E7EB00D8CC01 /* Frameworks */ = {
			isa = PBXFrameworksBuildPhase;
			buildActionMask = 2147483647;
			files = (
			);
			runOnlyForDeploymentPostprocessing = 0;
		};
		6B7632C325A8E7EC00D8CC01 /* Frameworks */ = {
			isa = PBXFrameworksBuildPhase;
			buildActionMask = 2147483647;
			files = (
			);
			runOnlyForDeploymentPostprocessing = 0;
		};
		6B7632CE25A8E7EC00D8CC01 /* Frameworks */ = {
			isa = PBXFrameworksBuildPhase;
			buildActionMask = 2147483647;
			files = (
			);
			runOnlyForDeploymentPostprocessing = 0;
		};
/* End PBXFrameworksBuildPhase section */

/* Begin PBXGroup section */
		6B7632AC25A8E7EB00D8CC01 = {
			isa = PBXGroup;
			children = (
				6B7632B725A8E7EB00D8CC01 /* KetoMealPrep */,
				6B7632C925A8E7EC00D8CC01 /* KetoMealPrepTests */,
				6B7632D425A8E7EC00D8CC01 /* KetoMealPrepUITests */,
				6B7632B625A8E7EB00D8CC01 /* Products */,
			);
			sourceTree = "<group>";
		};
		6B7632B625A8E7EB00D8CC01 /* Products */ = {
			isa = PBXGroup;
			children = (
				6B7632B525A8E7EB00D8CC01 /* KetoMealPrep.app */,
				6B7632C625A8E7EC00D8CC01 /* KetoMealPrepTests.xctest */,
				6B7632D125A8E7EC00D8CC01 /* KetoMealPrepUITests.xctest */,
			);
			name = Products;
			sourceTree = "<group>";
		};
		6B7632B725A8E7EB00D8CC01 /* KetoMealPrep */ = {
			isa = PBXGroup;
			children = (
				6B7632B825A8E7EB00D8CC01 /* KetoMealPrepApp.swift */,
				6B7632BA25A8E7EB00D8CC01 /* ContentView.swift */,
				6B7632BC25A8E7EC00D8CC01 /* Assets.xcassets */,
				6B7632C125A8E7EC00D8CC01 /* Info.plist */,
				6B7632BE25A8E7EC00D8CC01 /* Preview Content */,
			);
			path = KetoMealPrep;
			sourceTree = "<group>";
		};
		6B7632BE25A8E7EC00D8CC01 /* Preview Content */ = {
			isa = PBXGroup;
			children = (
				6B7632BF25A8E7EC00D8CC01 /* Preview Assets.xcassets */,
			);
			path = "Preview Content";
			sourceTree = "<group>";
		};
		6B7632C925A8E7EC00D8CC01 /* KetoMealPrepTests */ = {
			isa = PBXGroup;
			children = (
				6B7632CA25A8E7EC00D8CC01 /* KetoMealPrepTests.swift */,
				6B7632CC25A8E7EC00D8CC01 /* Info.plist */,
			);
			path = KetoMealPrepTests;
			sourceTree = "<group>";
		};
		6B7632D425A8E7EC00D8CC01 /* KetoMealPrepUITests */ = {
			isa = PBXGroup;
			children = (
				6B7632D525A8E7EC00D8CC01 /* KetoMealPrepUITests.swift */,
				6B7632D725A8E7ED00D8CC01 /* Info.plist */,
			);
			path = KetoMealPrepUITests;
			sourceTree = "<group>";
		};
/* End PBXGroup section */

/* Begin PBXNativeTarget section */
		6B7632B425A8E7EB00D8CC01 /* KetoMealPrep */ = {
			isa = PBXNativeTarget;
			buildConfigurationList = 6B7632DA25A8E7ED00D8CC01 /* Build configuration list for PBXNativeTarget "KetoMealPrep" */;
			buildPhases = (
				6B7632B125A8E7EB00D8CC01 /* Sources */,
				6B7632B225A8E7EB00D8CC01 /* Frameworks */,
				6B7632B325A8E7EB00D8CC01 /* Resources */,
			);
			buildRules = (
			);
			dependencies = (
			);
			name = KetoMealPrep;
			productName = KetoMealPrep;
			productReference = 6B7632B525A8E7EB00D8CC01 /* KetoMealPrep.app */;
			productType = "com.apple.product-type.application";
		};
		6B7632C525A8E7EC00D8CC01 /* KetoMealPrepTests */ = {
			isa = PBXNativeTarget;
			buildConfigurationList = 6B7632DD25A8E7ED00D8CC01 /* Build configuration list for PBXNativeTarget "KetoMealPrepTests" */;
			buildPhases = (
				6B7632C225A8E7EC00D8CC01 /* Sources */,
				6B7632C325A8E7EC00D8CC01 /* Frameworks */,
				6B7632C425A8E7EC00D8CC01 /* Resources */,
			);
			buildRules = (
			);
			dependencies = (
				6B7632C825A8E7EC00D8CC01 /* PBXTargetDependency */,
			);
			name = KetoMealPrepTests;
			productName = KetoMealPrepTests;
			productReference = 6B7632C625A8E7EC00D8CC01 /* KetoMealPrepTests.xctest */;
			productType = "com.apple.product-type.bundle.unit-test";
		};
		6B7632D025A8E7EC00D8CC01 /* KetoMealPrepUITests */ = {
			isa = PBXNativeTarget;
			buildConfigurationList = 6B7632E025A8E7ED00D8CC01 /* Build configuration list for PBXNativeTarget "KetoMealPrepUITests" */;
			buildPhases = (
				6B7632CD25A8E7EC00D8CC01 /* Sources */,
				6B7632CE25A8E7EC00D8CC01 /* Frameworks */,
				6B7632CF25A8E7EC00D8CC01 /* Resources */,
			);
			buildRules = (
			);
			dependencies = (
				6B7632D325A8E7EC00D8CC01 /* PBXTargetDependency */,
			);
			name = KetoMealPrepUITests;
			productName = KetoMealPrepUITests;
			productReference = 6B7632D125A8E7EC00D8CC01 /* KetoMealPrepUITests.xctest */;
			productType = "com.apple.product-type.bundle.ui-testing";
		};
/* End PBXNativeTarget section */

/* Begin PBXProject section */
		6B7632AD25A8E7EB00D8CC01 /* Project object */ = {
			isa = PBXProject;
			attributes = {
				LastSwiftUpdateCheck = 1220;
				LastUpgradeCheck = 1220;
				TargetAttributes = {
					6B7632B425A8E7EB00D8CC01 = {
						CreatedOnToolsVersion = 12.2;
					};
					6B7632C525A8E7EC00D8CC01 = {
						CreatedOnToolsVersion = 12.2;
						TestTargetID = 6B7632B425A8E7EB00D8CC01;
					};
					6B7632D025A8E7EC00D8CC01 = {
						CreatedOnToolsVersion = 12.2;
						TestTargetID = 6B7632B425A8E7EB00D8CC01;
					};
				};
			};
			buildConfigurationList = 6B7632B025A8E7EB00D8CC01 /* Build configuration list for PBXProject "KetoMealPrep" */;
			compatibilityVersion = "Xcode 9.3";
			developmentRegion = en;
			hasScannedForEncodings = 0;
			knownRegions = (
				en,
				Base,
			);
			mainGroup = 6B7632AC25A8E7EB00D8CC01;
			productRefGroup = 6B7632B625A8E7EB00D8CC01 /* Products */;
			projectDirPath = "";
			projectRoot = "";
			targets = (
				6B7632B425A8E7EB00D8CC01 /* KetoMealPrep */,
				6B7632C525A8E7EC00D8CC01 /* KetoMealPrepTests */,
				6B7632D025A8E7EC00D8CC01 /* KetoMealPrepUITests */,
			);
		};
/* End PBXProject section */

/* Begin PBXResourcesBuildPhase section */
		6B7632B325A8E7EB00D8CC01 /* Resources */ = {
			isa = PBXResourcesBuildPhase;
			buildActionMask = 2147483647;
			files = (
				6B7632C025A8E7EC00D8CC01 /* Preview Assets.xcassets in Resources */,
				6B7632BD25A8E7EC00D8CC01 /* Assets.xcassets in Resources */,
			);
			runOnlyForDeploymentPostprocessing = 0;
		};
		6B7632C425A8E7EC00D8CC01 /* Resources */ = {
			isa = PBXResourcesBuildPhase;
			buildActionMask = 2147483647;
			files = (
			);
			runOnlyForDeploymentPostprocessing = 0;
		};
		6B7632CF25A8E7EC00D8CC01 /* Resources */ = {
			isa = PBXResourcesBuildPhase;
			buildActionMask = 2147483647;
			files = (
			);
			runOnlyForDeploymentPostprocessing = 0;
		};
/* End PBXResourcesBuildPhase section */

/* Begin PBXSourcesBuildPhase section */
		6B7632B125A8E7EB00D8CC01 /* Sources */ = {
			isa = PBXSourcesBuildPhase;
			buildActionMask = 2147483647;
			files = (
				6B7632BB25A8E7EB00D8CC01 /* ContentView.swift in Sources */,
				6B7632B925A8E7EB00D8CC01 /* KetoMealPrepApp.swift in Sources */,
			);
			runOnlyForDeploymentPostprocessing = 0;
		};
		6B7632C225A8E7EC00D8CC01 /* Sources */ = {
			isa = PBXSourcesBuildPhase;
			buildActionMask = 2147483647;
			files = (
				6B7632CB25A8E7EC00D8CC01 /* KetoMealPrepTests.swift in Sources */,
			);
			runOnlyForDeploymentPostprocessing = 0;
		};
		6B7632CD25A8E7EC00D8CC01 /* Sources */ = {
			isa = PBXSourcesBuildPhase;
			buildActionMask = 2147483647;
			files = (
				6B7632D625A8E7EC00D8CC01 /* KetoMealPrepUITests.swift in Sources */,
			);
			runOnlyForDeploymentPostprocessing = 0;
		};
/* End PBXSourcesBuildPhase section */

/* Begin PBXTargetDependency section */
		6B7632C825A8E7EC00D8CC01 /* PBXTargetDependency */ = {
			isa = PBXTargetDependency;
			target = 6B7632B425A8E7EB00D8CC01 /* KetoMealPrep */;
			targetProxy = 6B7632C725A8E7EC00D8CC01 /* PBXContainerItemProxy */;
		};
		6B7632D325A8E7EC00D8CC01 /* PBXTargetDependency */ = {
			isa = PBXTargetDependency;
			target = 6B7632B425A8E7EB00D8CC01 /* KetoMealPrep */;
			targetProxy = 6B7632D225A8E7EC00D8CC01 /* PBXContainerItemProxy */;
		};
/* End PBXTargetDependency section */

/* Begin XCBuildConfiguration section */
		6B7632D825A8E7ED00D8CC01 /* Debug */ = {
			isa = XCBuildConfiguration;
			buildSettings = {
				ALWAYS_SEARCH_USER_PATHS = NO;
				CLANG_ANALYZER_NONNULL = YES;
				CLANG_ANALYZER_NUMBER_OBJECT_CONVERSION = YES_AGGRESSIVE;
				CLANG_CXX_LANGUAGE_STANDARD = "gnu++14";
				CLANG_CXX_LIBRARY = "libc++";
				CLANG_ENABLE_MODULES = YES;
				CLANG_ENABLE_OBJC_ARC = YES;
				CLANG_ENABLE_OBJC_WEAK = YES;
				CLANG_WARN_BLOCK_CAPTURE_AUTORELEASING = YES;
				CLANG_WARN_BOOL_CONVERSION = YES;
				CLANG_WARN_COMMA = YES;
				CLANG_WARN_CONSTANT_CONVERSION = YES;
				CLANG_WARN_DEPRECATED_OBJC_IMPLEMENTATIONS = YES;
				CLANG_WARN_DIRECT_OBJC_ISA_USAGE = YES_ERROR;
				CLANG_WARN_DOCUMENTATION_COMMENTS = YES;
				CLANG_WARN_EMPTY_BODY = YES;
				CLANG_WARN_ENUM_CONVERSION = YES;
				CLANG_WARN_INFINITE_RECURSION = YES;
				CLANG_WARN_INT_CONVERSION = YES;
				CLANG_WARN_NON_LITERAL_NULL_CONVERSION = YES;
				CLANG_WARN_OBJC_IMPLICIT_RETAIN_SELF = YES;
				CLANG_WARN_OBJC_LITERAL_CONVERSION = YES;
				CLANG_WARN_OBJC_ROOT_CLASS = YES_ERROR;
				CLANG_WARN_QUOTED_INCLUDE_IN_FRAMEWORK_HEADER = YES;
				CLANG_WARN_RANGE_LOOP_ANALYSIS = YES;
				CLANG_WARN_STRICT_PROTOTYPES = YES;
				CLANG_WARN_SUSPICIOUS_MOVE = YES;
				CLANG_WARN_UNGUARDED_AVAILABILITY = YES_AGGRESSIVE;
				CLANG_WARN_UNREACHABLE_CODE = YES;
				CLANG_WARN__DUPLICATE_METHOD_MATCH = YES;
				COPY_PHASE_STRIP = NO;
				DEBUG_INFORMATION_FORMAT = dwarf;
				ENABLE_STRICT_OBJC_MSGSEND = YES;
				ENABLE_TESTABILITY = YES;
				GCC_C_LANGUAGE_STANDARD = gnu11;
				GCC_DYNAMIC_NO_PIC = NO;
				GCC_NO_COMMON_BLOCKS = YES;
				GCC_OPTIMIZATION_LEVEL = 0;
				GCC_PREPROCESSOR_DEFINITIONS = (
					"DEBUG=1",
					"$(inherited)",
				);
				GCC_WARN_64_TO_32_BIT_CONVERSION = YES;
				GCC_WARN_ABOUT_RETURN_TYPE = YES_ERROR;
				GCC_WARN_UNDECLARED_SELECTOR = YES;
				GCC_WARN_UNINITIALIZED_AUTOS = YES_AGGRESSIVE;
				GCC_WARN_UNUSED_FUNCTION = YES;
				GCC_WARN_UNUSED_VARIABLE = YES;
				IPHONEOS_DEPLOYMENT_TARGET = 14.2;
				MTL_ENABLE_DEBUG_INFO = INCLUDE_SOURCE;
				MTL_FAST_MATH = YES;
				ONLY_ACTIVE_ARCH = YES;
				SDKROOT = iphoneos;
				SWIFT_ACTIVE_COMPILATION_CONDITIONS = DEBUG;
				SWIFT_OPTIMIZATION_LEVEL = "-Onone";
			};
			name = Debug;
		};
		6B7632D925A8E7ED00D8CC01 /* Release */ = {
			isa = XCBuildConfiguration;
			buildSettings = {
				ALWAYS_SEARCH_USER_PATHS = NO;
				CLANG_ANALYZER_NONNULL = YES;
				CLANG_ANALYZER_NUMBER_OBJECT_CONVERSION = YES_AGGRESSIVE;
				CLANG_CXX_LANGUAGE_STANDARD = "gnu++14";
				CLANG_CXX_LIBRARY = "libc++";
				CLANG_ENABLE_MODULES = YES;
				CLANG_ENABLE_OBJC_ARC = YES;
				CLANG_ENABLE_OBJC_WEAK = YES;
				CLANG_WARN_BLOCK_CAPTURE_AUTORELEASING = YES;
				CLANG_WARN_BOOL_CONVERSION = YES;
				CLANG_WARN_COMMA = YES;
				CLANG_WARN_CONSTANT_CONVERSION = YES;
				CLANG_WARN_DEPRECATED_OBJC_IMPLEMENTATIONS = YES;
				CLANG_WARN_DIRECT_OBJC_ISA_USAGE = YES_ERROR;
				CLANG_WARN_DOCUMENTATION_COMMENTS = YES;
				CLANG_WARN_EMPTY_BODY = YES;
				CLANG_WARN_ENUM_CONVERSION = YES;
				CLANG_WARN_INFINITE_RECURSION = YES;
				CLANG_WARN_INT_CONVERSION = YES;
				CLANG_WARN_NON_LITERAL_NULL_CONVERSION = YES;
				CLANG_WARN_OBJC_IMPLICIT_RETAIN_SELF = YES;
				CLANG_WARN_OBJC_LITERAL_CONVERSION = YES;
				CLANG_WARN_OBJC_ROOT_CLASS = YES_ERROR;
				CLANG_WARN_QUOTED_INCLUDE_IN_FRAMEWORK_HEADER = YES;
				CLANG_WARN_RANGE_LOOP_ANALYSIS = YES;
				CLANG_WARN_STRICT_PROTOTYPES = YES;
				CLANG_WARN_SUSPICIOUS_MOVE = YES;
				CLANG_WARN_UNGUARDED_AVAILABILITY = YES_AGGRESSIVE;
				CLANG_WARN_UNREACHABLE_CODE = YES;
				CLANG_WARN__DUPLICATE_METHOD_MATCH = YES;
				COPY_PHASE_STRIP = NO;
				DEBUG_INFORMATION_FORMAT = "dwarf-with-dsym";
				ENABLE_NS_ASSERTIONS = NO;
				ENABLE_STRICT_OBJC_MSGSEND = YES;
				GCC_C_LANGUAGE_STANDARD = gnu11;
				GCC_NO_COMMON_BLOCKS = YES;
				GCC_WARN_64_TO_32_BIT_CONVERSION = YES;
				GCC_WARN_ABOUT_RETURN_TYPE = YES_ERROR;
				GCC_WARN_UNDECLARED_SELECTOR = YES;
				GCC_WARN_UNINITIALIZED_AUTOS = YES_AGGRESSIVE;
				GCC_WARN_UNUSED_FUNCTION = YES;
				GCC_WARN_UNUSED_VARIABLE = YES;
				IPHONEOS_DEPLOYMENT_TARGET = 14.2;
				MTL_ENABLE_DEBUG_INFO = NO;
				MTL_FAST_MATH = YES;
				SDKROOT = iphoneos;
				SWIFT_COMPILATION_MODE = wholemodule;
				SWIFT_OPTIMIZATION_LEVEL = "-O";
				VALIDATE_PRODUCT = YES;
			};
			name = Release;
		};
		6B7632DB25A8E7ED00D8CC01 /* Debug */ = {
			isa = XCBuildConfiguration;
			buildSettings = {
				ASSETCATALOG_COMPILER_APPICON_NAME = AppIcon;
				ASSETCATALOG_COMPILER_GLOBAL_ACCENT_COLOR_NAME = AccentColor;
				CODE_SIGN_STYLE = Automatic;
				DEVELOPMENT_ASSET_PATHS = "\"KetoMealPrep/Preview Content\"";
				DEVELOPMENT_TEAM = D47C2NZJN5;
				ENABLE_PREVIEWS = YES;
				INFOPLIST_FILE = KetoMealPrep/Info.plist;
				IPHONEOS_DEPLOYMENT_TARGET = 14.0;
				LD_RUNPATH_SEARCH_PATHS = (
					"$(inherited)",
					"@executable_path/Frameworks",
				);
				PRODUCT_BUNDLE_IDENTIFIER = Matthew.Garlington.KetoMealPrep;
				PRODUCT_NAME = "$(TARGET_NAME)";
				SWIFT_VERSION = 5.0;
				TARGETED_DEVICE_FAMILY = "1,2";
			};
			name = Debug;
		};
		6B7632DC25A8E7ED00D8CC01 /* Release */ = {
			isa = XCBuildConfiguration;
			buildSettings = {
				ASSETCATALOG_COMPILER_APPICON_NAME = AppIcon;
				ASSETCATALOG_COMPILER_GLOBAL_ACCENT_COLOR_NAME = AccentColor;
				CODE_SIGN_STYLE = Automatic;
				DEVELOPMENT_ASSET_PATHS = "\"KetoMealPrep/Preview Content\"";
				DEVELOPMENT_TEAM = D47C2NZJN5;
				ENABLE_PREVIEWS = YES;
				INFOPLIST_FILE = KetoMealPrep/Info.plist;
				IPHONEOS_DEPLOYMENT_TARGET = 14.0;
				LD_RUNPATH_SEARCH_PATHS = (
					"$(inherited)",
					"@executable_path/Frameworks",
				);
				PRODUCT_BUNDLE_IDENTIFIER = Matthew.Garlington.KetoMealPrep;
				PRODUCT_NAME = "$(TARGET_NAME)";
				SWIFT_VERSION = 5.0;
				TARGETED_DEVICE_FAMILY = "1,2";
			};
			name = Release;
		};
		6B7632DE25A8E7ED00D8CC01 /* Debug */ = {
			isa = XCBuildConfiguration;
			buildSettings = {
				ALWAYS_EMBED_SWIFT_STANDARD_LIBRARIES = YES;
				BUNDLE_LOADER = "$(TEST_HOST)";
				CODE_SIGN_STYLE = Automatic;
				DEVELOPMENT_TEAM = D47C2NZJN5;
				INFOPLIST_FILE = KetoMealPrepTests/Info.plist;
				IPHONEOS_DEPLOYMENT_TARGET = 14.0;
				LD_RUNPATH_SEARCH_PATHS = (
					"$(inherited)",
					"@executable_path/Frameworks",
					"@loader_path/Frameworks",
				);
				PRODUCT_BUNDLE_IDENTIFIER = Matthew.Garlington.KetoMealPrepTests;
				PRODUCT_NAME = "$(TARGET_NAME)";
				SWIFT_VERSION = 5.0;
				TARGETED_DEVICE_FAMILY = "1,2";
				TEST_HOST = "$(BUILT_PRODUCTS_DIR)/KetoMealPrep.app/KetoMealPrep";
			};
			name = Debug;
		};
		6B7632DF25A8E7ED00D8CC01 /* Release */ = {
			isa = XCBuildConfiguration;
			buildSettings = {
				ALWAYS_EMBED_SWIFT_STANDARD_LIBRARIES = YES;
				BUNDLE_LOADER = "$(TEST_HOST)";
				CODE_SIGN_STYLE = Automatic;
				DEVELOPMENT_TEAM = D47C2NZJN5;
				INFOPLIST_FILE = KetoMealPrepTests/Info.plist;
				IPHONEOS_DEPLOYMENT_TARGET = 14.0;
				LD_RUNPATH_SEARCH_PATHS = (
					"$(inherited)",
					"@executable_path/Frameworks",
					"@loader_path/Frameworks",
				);
				PRODUCT_BUNDLE_IDENTIFIER = Matthew.Garlington.KetoMealPrepTests;
				PRODUCT_NAME = "$(TARGET_NAME)";
				SWIFT_VERSION = 5.0;
				TARGETED_DEVICE_FAMILY = "1,2";
				TEST_HOST = "$(BUILT_PRODUCTS_DIR)/KetoMealPrep.app/KetoMealPrep";
			};
			name = Release;
		};
		6B7632E125A8E7ED00D8CC01 /* Debug */ = {
			isa = XCBuildConfiguration;
			buildSettings = {
				ALWAYS_EMBED_SWIFT_STANDARD_LIBRARIES = YES;
				CODE_SIGN_STYLE = Automatic;
				DEVELOPMENT_TEAM = D47C2NZJN5;
				INFOPLIST_FILE = KetoMealPrepUITests/Info.plist;
				LD_RUNPATH_SEARCH_PATHS = (
					"$(inherited)",
					"@executable_path/Frameworks",
					"@loader_path/Frameworks",
				);
				PRODUCT_BUNDLE_IDENTIFIER = Matthew.Garlington.KetoMealPrepUITests;
				PRODUCT_NAME = "$(TARGET_NAME)";
				SWIFT_VERSION = 5.0;
				TARGETED_DEVICE_FAMILY = "1,2";
				TEST_TARGET_NAME = KetoMealPrep;
			};
			name = Debug;
		};
		6B7632E225A8E7ED00D8CC01 /* Release */ = {
			isa = XCBuildConfiguration;
			buildSettings = {
				ALWAYS_EMBED_SWIFT_STANDARD_LIBRARIES = YES;
				CODE_SIGN_STYLE = Automatic;
				DEVELOPMENT_TEAM = D47C2NZJN5;
				INFOPLIST_FILE = KetoMealPrepUITests/Info.plist;
				LD_RUNPATH_SEARCH_PATHS = (
					"$(inherited)",
					"@executable_path/Frameworks",
					"@loader_path/Frameworks",
				);
				PRODUCT_BUNDLE_IDENTIFIER = Matthew.Garlington.KetoMealPrepUITests;
				PRODUCT_NAME = "$(TARGET_NAME)";
				SWIFT_VERSION = 5.0;
				TARGETED_DEVICE_FAMILY = "1,2";
				TEST_TARGET_NAME = KetoMealPrep;
			};
			name = Release;
		};
/* End XCBuildConfiguration section */

/* Begin XCConfigurationList section */
		6B7632B025A8E7EB00D8CC01 /* Build configuration list for PBXProject "KetoMealPrep" */ = {
			isa = XCConfigurationList;
			buildConfigurations = (
				6B7632D825A8E7ED00D8CC01 /* Debug */,
				6B7632D925A8E7ED00D8CC01 /* Release */,
			);
			defaultConfigurationIsVisible = 0;
			defaultConfigurationName = Release;
		};
		6B7632DA25A8E7ED00D8CC01 /* Build configuration list for PBXNativeTarget "KetoMealPrep" */ = {
			isa = XCConfigurationList;
			buildConfigurations = (
				6B7632DB25A8E7ED00D8CC01 /* Debug */,
				6B7632DC25A8E7ED00D8CC01 /* Release */,
			);
			defaultConfigurationIsVisible = 0;
			defaultConfigurationName = Release;
		};
		6B7632DD25A8E7ED00D8CC01 /* Build configuration list for PBXNativeTarget "KetoMealPrepTests" */ = {
			isa = XCConfigurationList;
			buildConfigurations = (
				6B7632DE25A8E7ED00D8CC01 /* Debug */,
				6B7632DF25A8E7ED00D8CC01 /* Release */,
			);
			defaultConfigurationIsVisible = 0;
			defaultConfigurationName = Release;
		};
		6B7632E025A8E7ED00D8CC01 /* Build configuration list for PBXNativeTarget "KetoMealPrepUITests" */ = {
			isa = XCConfigurationList;
			buildConfigurations = (
				6B7632E125A8E7ED00D8CC01 /* Debug */,
				6B7632E225A8E7ED00D8CC01 /* Release */,
			);
			defaultConfigurationIsVisible = 0;
			defaultConfigurationName = Release;
		};
/* End XCConfigurationList section */
	};
	rootObject = 6B7632AD25A8E7EB00D8CC01 /* Project object */;
}
